<?xml version="1.0" encoding="utf-8"?>
<Project ToolsVersion="4.0" xmlns="http://schemas.microsoft.com/developer/msbuild/2003">
  <ItemGroup>
    <Filter Include="Archivos de origen">
      <UniqueIdentifier>{4FC737F1-C7A5-4376-A066-2A32D752A2FF}</UniqueIdentifier>
      <Extensions>cpp;c;cc;cxx;c++;cppm;ixx;def;odl;idl;hpj;bat;asm;asmx</Extensions>
    </Filter>
    <Filter Include="Archivos de encabezado">
      <UniqueIdentifier>{93995380-89BD-4b04-88EB-625FBE52EBFB}</UniqueIdentifier>
      <Extensions>h;hh;hpp;hxx;h++;hm;inl;inc;ipp;xsd</Extensions>
    </Filter>
    <Filter Include="Archivos de recursos">
      <UniqueIdentifier>{67DA6AB6-F800-4c08-8B7A-83BB121AAD01}</UniqueIdentifier>
      <Extensions>rc;ico;cur;bmp;dlg;rc2;rct;bin;rgs;gif;jpg;jpeg;jpe;resx;tiff;tif;png;wav;mfcribbon-ms</Extensions>
    </Filter>
  </ItemGroup>
  <ItemGroup>
    <ClCompile Include="Main.cpp">
      <Filter>Archivos de origen</Filter>
    </ClCompile>
    <ClCompile Include="cCajero.cpp">
      <Filter>Archivos de origen</Filter>
    </ClCompile>
    <ClCompile Include="cCarrito.cpp">
      <Filter>Archivos de origen</Filter>
    </ClCompile>
    <ClCompile Include="cCliente.cpp">
      <Filter>Archivos de origen</Filter>
    </ClCompile>
    <ClCompile Include="cEmpleado.cpp">
      <Filter>Archivos de origen</Filter>
    </ClCompile>
    <ClCompile Include="cFarmaceutico.cpp">
      <Filter>Archivos de origen</Filter>
    </ClCompile>
    <ClCompile Include="cFarmacia.cpp">
      <Filter>Archivos de origen</Filter>
    </ClCompile>
    <ClCompile Include="cGolosinas.cpp">
      <Filter>Archivos de origen</Filter>
    </ClCompile>
    <ClCompile Include="cLimpieza.cpp">
      <Filter>Archivos de origen</Filter>
    </ClCompile>
    <ClCompile Include="cMedicamentos.cpp">
      <Filter>Archivos de origen</Filter>
    </ClCompile>
    <ClCompile Include="cMostrador.cpp">
      <Filter>Archivos de origen</Filter>
    </ClCompile>
    <ClCompile Include="cOrtopedista.cpp">
      <Filter>Archivos de origen</Filter>
    </ClCompile>
    <ClCompile Include="cPerfumeros.cpp">
      <Filter>Archivos de origen</Filter>
    </ClCompile>
    <ClCompile Include="cProductos.cpp">
      <Filter>Archivos de origen</Filter>
    </ClCompile>
    <ClCompile Include="cProductos_Ortopedia.cpp">
      <Filter>Archivos de origen</Filter>
    </ClCompile>
    <ClCompile Include="cProductos_Perfumeria.cpp">
      <Filter>Archivos de origen</Filter>
    </ClCompile>
  </ItemGroup>
  <ItemGroup>
    <ClInclude Include="cCajero.h">
      <Filter>Archivos de encabezado</Filter>
    </ClInclude>
    <ClInclude Include="cCarrito.h">
      <Filter>Archivos de encabezado</Filter>
    </ClInclude>
    <ClInclude Include="cCliente.h">
      <Filter>Archivos de encabezado</Filter>
    </ClInclude>
    <ClInclude Include="cEmpleado.h">
      <Filter>Archivos de encabezado</Filter>
    </ClInclude>
    <ClInclude Include="cFarmaceutico.h">
      <Filter>Archivos de encabezado</Filter>
    </ClInclude>
    <ClInclude Include="cFarmacia.h">
      <Filter>Archivos de encabezado</Filter>
    </ClInclude>
    <ClInclude Include="cGolosinas.h">
      <Filter>Archivos de encabezado</Filter>
    </ClInclude>
    <ClInclude Include="cLimpieza.h">
      <Filter>Archivos de encabezado</Filter>
    </ClInclude>
    <ClInclude Include="cMedicamentos.h">
      <Filter>Archivos de encabezado</Filter>
    </ClInclude>
    <ClInclude Include="cMostrador.h">
      <Filter>Archivos de encabezado</Filter>
    </ClInclude>
    <ClInclude Include="cOrtopedista.h">
      <Filter>Archivos de encabezado</Filter>
    </ClInclude>
    <ClInclude Include="cPerfumeros.h">
      <Filter>Archivos de encabezado</Filter>
    </ClInclude>
    <ClInclude Include="cProductos.h">
      <Filter>Archivos de encabezado</Filter>
    </ClInclude>
    <ClInclude Include="cProductos_Ortopedia.h">
      <Filter>Archivos de encabezado</Filter>
    </ClInclude>
    <ClInclude Include="cProductos_Perfumeria.h">
      <Filter>Archivos de encabezado</Filter>
    </ClInclude>
    <ClInclude Include="eEmpleados.h">
      <Filter>Archivos de encabezado</Filter>
    </ClInclude>
    <ClInclude Include="eFormadepago.h">
      <Filter>Archivos de encabezado</Filter>
    </ClInclude>
    <ClInclude Include="eGol.h">
      <Filter>Archivos de encabezado</Filter>
    </ClInclude>
    <ClInclude Include="eHorarios.h">
      <Filter>Archivos de encabezado</Filter>
    </ClInclude>
    <ClInclude Include="eListaNecesidad.h">
      <Filter>Archivos de encabezado</Filter>
    </ClInclude>
    <ClInclude Include="eProdCosmyPerf.h">
      <Filter>Archivos de encabezado</Filter>
    </ClInclude>
    <ClInclude Include="eProdOrt.h">
      <Filter>Archivos de encabezado</Filter>
    </ClInclude>
    <ClInclude Include="eProdPerf.h">
      <Filter>Archivos de encabezado</Filter>
    </ClInclude>
    <ClInclude Include="eOS.h">
      <Filter>Archivos de encabezado</Filter>
    </ClInclude>
    <ClInclude Include="eDescuentos.h">
      <Filter>Archivos de encabezado</Filter>
    </ClInclude>
  </ItemGroup>
</Project>